
Microsoft Visual Studio Solution File, Format Version 12.00
# Visual Studio Version 17
VisualStudioVersion = 17.0.31903.59
MinimumVisualStudioVersion = 10.0.40219.1
Project("{2150E333-8FDC-42A3-9474-1A3956D46DE8}") = "src", "src", "{827E0CD3-B72D-47B6-A68D-7590B98EB39B}"
EndProject
Project("{FAE04EC0-301F-11D3-BF4B-00C04F79EFBC}") = "Wasnie.Domain", "src\Wasnie.Domain\Wasnie.Domain.csproj", "{0BC031D0-3019-48E7-8239-65E026093662}"
EndProject
Project("{FAE04EC0-301F-11D3-BF4B-00C04F79EFBC}") = "Wasnie.Application", "src\Wasnie.Application\Wasnie.Application.csproj", "{C55ACF4B-E1B2-4B7C-A2B4-656C46F313D9}"
EndProject
Project("{FAE04EC0-301F-11D3-BF4B-00C04F79EFBC}") = "Wasnie.Infrastructure", "src\Wasnie.Infrastructure\Wasnie.Infrastructure.csproj", "{C0CE4D41-EF0A-4A7D-87CD-B02A3E7D2E6C}"
EndProject
Project("{FAE04EC0-301F-11D3-BF4B-00C04F79EFBC}") = "Wasnie.Api", "src\Wasnie.Api\Wasnie.Api.csproj", "{4B208C6A-8820-4559-ACD5-1568D6BFA5F0}"
EndProject
Project("{2150E333-8FDC-42A3-9474-1A3956D46DE8}") = "tests", "tests", "{0AB3BF05-4346-4AA6-1389-037BE0695223}"
EndProject
Project("{FAE04EC0-301F-11D3-BF4B-00C04F79EFBC}") = "Wasnie.UnitTests", "tests\Wasnie.UnitTests\Wasnie.UnitTests.csproj", "{32C0AC1B-BC62-4FFE-BCA5-3EB61BD0ACB1}"
EndProject
Project("{FAE04EC0-301F-11D3-BF4B-00C04F79EFBC}") = "Wasnie.IntegrationTests", "tests\Wasnie.IntegrationTests\Wasnie.IntegrationTests.csproj", "{F34329CF-EFB2-4642-8264-ECAA19C2A659}"
EndProject
Global
	GlobalSection(SolutionConfigurationPlatforms) = preSolution
		Debug|Any CPU = Debug|Any CPU
		Debug|x64 = Debug|x64
		Debug|x86 = Debug|x86
		Release|Any CPU = Release|Any CPU
		Release|x64 = Release|x64
		Release|x86 = Release|x86
	EndGlobalSection
	GlobalSection(ProjectConfigurationPlatforms) = postSolution
		{0BC031D0-3019-48E7-8239-65E026093662}.Debug|Any CPU.ActiveCfg = Debug|Any CPU
		{0BC031D0-3019-48E7-8239-65E026093662}.Debug|Any CPU.Build.0 = Debug|Any CPU
		{0BC031D0-3019-48E7-8239-65E026093662}.Debug|x64.ActiveCfg = Debug|Any CPU
		{0BC031D0-3019-48E7-8239-65E026093662}.Debug|x64.Build.0 = Debug|Any CPU
		{0BC031D0-3019-48E7-8239-65E026093662}.Debug|x86.ActiveCfg = Debug|Any CPU
		{0BC031D0-3019-48E7-8239-65E026093662}.Debug|x86.Build.0 = Debug|Any CPU
		{0BC031D0-3019-48E7-8239-65E026093662}.Release|Any CPU.ActiveCfg = Release|Any CPU
		{0BC031D0-3019-48E7-8239-65E026093662}.Release|Any CPU.Build.0 = Release|Any CPU
		{0BC031D0-3019-48E7-8239-65E026093662}.Release|x64.ActiveCfg = Release|Any CPU
		{0BC031D0-3019-48E7-8239-65E026093662}.Release|x64.Build.0 = Release|Any CPU
		{0BC031D0-3019-48E7-8239-65E026093662}.Release|x86.ActiveCfg = Release|Any CPU
		{0BC031D0-3019-48E7-8239-65E026093662}.Release|x86.Build.0 = Release|Any CPU
		{C55ACF4B-E1B2-4B7C-A2B4-656C46F313D9}.Debug|Any CPU.ActiveCfg = Debug|Any CPU
		{C55ACF4B-E1B2-4B7C-A2B4-656C46F313D9}.Debug|Any CPU.Build.0 = Debug|Any CPU
		{C55ACF4B-E1B2-4B7C-A2B4-656C46F313D9}.Debug|x64.ActiveCfg = Debug|Any CPU
		{C55ACF4B-E1B2-4B7C-A2B4-656C46F313D9}.Debug|x64.Build.0 = Debug|Any CPU
		{C55ACF4B-E1B2-4B7C-A2B4-656C46F313D9}.Debug|x86.ActiveCfg = Debug|Any CPU
		{C55ACF4B-E1B2-4B7C-A2B4-656C46F313D9}.Debug|x86.Build.0 = Debug|Any CPU
		{C55ACF4B-E1B2-4B7C-A2B4-656C46F313D9}.Release|Any CPU.ActiveCfg = Release|Any CPU
		{C55ACF4B-E1B2-4B7C-A2B4-656C46F313D9}.Release|Any CPU.Build.0 = Release|Any CPU
		{C55ACF4B-E1B2-4B7C-A2B4-656C46F313D9}.Release|x64.ActiveCfg = Release|Any CPU
		{C55ACF4B-E1B2-4B7C-A2B4-656C46F313D9}.Release|x64.Build.0 = Release|Any CPU
		{C55ACF4B-E1B2-4B7C-A2B4-656C46F313D9}.Release|x86.ActiveCfg = Release|Any CPU
		{C55ACF4B-E1B2-4B7C-A2B4-656C46F313D9}.Release|x86.Build.0 = Release|Any CPU
		{C0CE4D41-EF0A-4A7D-87CD-B02A3E7D2E6C}.Debug|Any CPU.ActiveCfg = Debug|Any CPU
		{C0CE4D41-EF0A-4A7D-87CD-B02A3E7D2E6C}.Debug|Any CPU.Build.0 = Debug|Any CPU
		{C0CE4D41-EF0A-4A7D-87CD-B02A3E7D2E6C}.Debug|x64.ActiveCfg = Debug|Any CPU
		{C0CE4D41-EF0A-4A7D-87CD-B02A3E7D2E6C}.Debug|x64.Build.0 = Debug|Any CPU
		{C0CE4D41-EF0A-4A7D-87CD-B02A3E7D2E6C}.Debug|x86.ActiveCfg = Debug|Any CPU
		{C0CE4D41-EF0A-4A7D-87CD-B02A3E7D2E6C}.Debug|x86.Build.0 = Debug|Any CPU
		{C0CE4D41-EF0A-4A7D-87CD-B02A3E7D2E6C}.Release|Any CPU.ActiveCfg = Release|Any CPU
		{C0CE4D41-EF0A-4A7D-87CD-B02A3E7D2E6C}.Release|Any CPU.Build.0 = Release|Any CPU
		{C0CE4D41-EF0A-4A7D-87CD-B02A3E7D2E6C}.Release|x64.ActiveCfg = Release|Any CPU
		{C0CE4D41-EF0A-4A7D-87CD-B02A3E7D2E6C}.Release|x64.Build.0 = Release|Any CPU
		{C0CE4D41-EF0A-4A7D-87CD-B02A3E7D2E6C}.Release|x86.ActiveCfg = Release|Any CPU
		{C0CE4D41-EF0A-4A7D-87CD-B02A3E7D2E6C}.Release|x86.Build.0 = Release|Any CPU
		{4B208C6A-8820-4559-ACD5-1568D6BFA5F0}.Debug|Any CPU.ActiveCfg = Debug|Any CPU
		{4B208C6A-8820-4559-ACD5-1568D6BFA5F0}.Debug|Any CPU.Build.0 = Debug|Any CPU
		{4B208C6A-8820-4559-ACD5-1568D6BFA5F0}.Debug|x64.ActiveCfg = Debug|Any CPU
		{4B208C6A-8820-4559-ACD5-1568D6BFA5F0}.Debug|x64.Build.0 = Debug|Any CPU
		{4B208C6A-8820-4559-ACD5-1568D6BFA5F0}.Debug|x86.ActiveCfg = Debug|Any CPU
		{4B208C6A-8820-4559-ACD5-1568D6BFA5F0}.Debug|x86.Build.0 = Debug|Any CPU
		{4B208C6A-8820-4559-ACD5-1568D6BFA5F0}.Release|Any CPU.ActiveCfg = Release|Any CPU
		{4B208C6A-8820-4559-ACD5-1568D6BFA5F0}.Release|Any CPU.Build.0 = Release|Any CPU
		{4B208C6A-8820-4559-ACD5-1568D6BFA5F0}.Release|x64.ActiveCfg = Release|Any CPU
		{4B208C6A-8820-4559-ACD5-1568D6BFA5F0}.Release|x64.Build.0 = Release|Any CPU
		{4B208C6A-8820-4559-ACD5-1568D6BFA5F0}.Release|x86.ActiveCfg = Release|Any CPU
		{4B208C6A-8820-4559-ACD5-1568D6BFA5F0}.Release|x86.Build.0 = Release|Any CPU
		{32C0AC1B-BC62-4FFE-BCA5-3EB61BD0ACB1}.Debug|Any CPU.ActiveCfg = Debug|Any CPU
		{32C0AC1B-BC62-4FFE-BCA5-3EB61BD0ACB1}.Debug|Any CPU.Build.0 = Debug|Any CPU
		{32C0AC1B-BC62-4FFE-BCA5-3EB61BD0ACB1}.Debug|x64.ActiveCfg = Debug|Any CPU
		{32C0AC1B-BC62-4FFE-BCA5-3EB61BD0ACB1}.Debug|x64.Build.0 = Debug|Any CPU
		{32C0AC1B-BC62-4FFE-BCA5-3EB61BD0ACB1}.Debug|x86.ActiveCfg = Debug|Any CPU
		{32C0AC1B-BC62-4FFE-BCA5-3EB61BD0ACB1}.Debug|x86.Build.0 = Debug|Any CPU
		{32C0AC1B-BC62-4FFE-BCA5-3EB61BD0ACB1}.Release|Any CPU.ActiveCfg = Release|Any CPU
		{32C0AC1B-BC62-4FFE-BCA5-3EB61BD0ACB1}.Release|Any CPU.Build.0 = Release|Any CPU
		{32C0AC1B-BC62-4FFE-BCA5-3EB61BD0ACB1}.Release|x64.ActiveCfg = Release|Any CPU
		{32C0AC1B-BC62-4FFE-BCA5-3EB61BD0ACB1}.Release|x64.Build.0 = Release|Any CPU
		{32C0AC1B-BC62-4FFE-BCA5-3EB61BD0ACB1}.Release|x86.ActiveCfg = Release|Any CPU
		{32C0AC1B-BC62-4FFE-BCA5-3EB61BD0ACB1}.Release|x86.Build.0 = Release|Any CPU
		{F34329CF-EFB2-4642-8264-ECAA19C2A659}.Debug|Any CPU.ActiveCfg = Debug|Any CPU
		{F34329CF-EFB2-4642-8264-ECAA19C2A659}.Debug|Any CPU.Build.0 = Debug|Any CPU
		{F34329CF-EFB2-4642-8264-ECAA19C2A659}.Debug|x64.ActiveCfg = Debug|Any CPU
		{F34329CF-EFB2-4642-8264-ECAA19C2A659}.Debug|x64.Build.0 = Debug|Any CPU
		{F34329CF-EFB2-4642-8264-ECAA19C2A659}.Debug|x86.ActiveCfg = Debug|Any CPU
		{F34329CF-EFB2-4642-8264-ECAA19C2A659}.Debug|x86.Build.0 = Debug|Any CPU
		{F34329CF-EFB2-4642-8264-ECAA19C2A659}.Release|Any CPU.ActiveCfg = Release|Any CPU
		{F34329CF-EFB2-4642-8264-ECAA19C2A659}.Release|Any CPU.Build.0 = Release|Any CPU
		{F34329CF-EFB2-4642-8264-ECAA19C2A659}.Release|x64.ActiveCfg = Release|Any CPU
		{F34329CF-EFB2-4642-8264-ECAA19C2A659}.Release|x64.Build.0 = Release|Any CPU
		{F34329CF-EFB2-4642-8264-ECAA19C2A659}.Release|x86.ActiveCfg = Release|Any CPU
		{F34329CF-EFB2-4642-8264-ECAA19C2A659}.Release|x86.Build.0 = Release|Any CPU
	EndGlobalSection
	GlobalSection(SolutionProperties) = preSolution
		HideSolutionNode = FALSE
	EndGlobalSection
	GlobalSection(NestedProjects) = preSolution
		{0BC031D0-3019-48E7-8239-65E026093662} = {827E0CD3-B72D-47B6-A68D-7590B98EB39B}
		{C55ACF4B-E1B2-4B7C-A2B4-656C46F313D9} = {827E0CD3-B72D-47B6-A68D-7590B98EB39B}
		{C0CE4D41-EF0A-4A7D-87CD-B02A3E7D2E6C} = {827E0CD3-B72D-47B6-A68D-7590B98EB39B}
		{4B208C6A-8820-4559-ACD5-1568D6BFA5F0} = {827E0CD3-B72D-47B6-A68D-7590B98EB39B}
		{32C0AC1B-BC62-4FFE-BCA5-3EB61BD0ACB1} = {0AB3BF05-4346-4AA6-1389-037BE0695223}
		{F34329CF-EFB2-4642-8264-ECAA19C2A659} = {0AB3BF05-4346-4AA6-1389-037BE0695223}
	EndGlobalSection
EndGlobal
